// !$*UTF8*$!
{
	archiveVersion = 1;
	classes = {
	};
	objectVersion = 50;
	objects = {

/* Begin PBXBuildFile section */
		39A93FB92292EA660037A9E8 /* AppDelegate.swift in Sources */ = {isa = PBXBuildFile; fileRef = 39A93FB82292EA660037A9E8 /* AppDelegate.swift */; };
		39A93FBB2292EA660037A9E8 /* ViewController.swift in Sources */ = {isa = PBXBuildFile; fileRef = 39A93FBA2292EA660037A9E8 /* ViewController.swift */; };
		39A93FBE2292EA660037A9E8 /* Main.storyboard in Resources */ = {isa = PBXBuildFile; fileRef = 39A93FBC2292EA660037A9E8 /* Main.storyboard */; };
		39A93FC02292EA670037A9E8 /* Assets.xcassets in Resources */ = {isa = PBXBuildFile; fileRef = 39A93FBF2292EA670037A9E8 /* Assets.xcassets */; };
		39A93FC32292EA670037A9E8 /* LaunchScreen.storyboard in Resources */ = {isa = PBXBuildFile; fileRef = 39A93FC12292EA670037A9E8 /* LaunchScreen.storyboard */; };
		39A93FCE2292EA670037A9E8 /* AlertForAuthFormTests.swift in Sources */ = {isa = PBXBuildFile; fileRef = 39A93FCD2292EA670037A9E8 /* AlertForAuthFormTests.swift */; };
		39A93FD92292EA670037A9E8 /* AlertForAuthFormUITests.swift in Sources */ = {isa = PBXBuildFile; fileRef = 39A93FD82292EA670037A9E8 /* AlertForAuthFormUITests.swift */; };
/* End PBXBuildFile section */

/* Begin PBXContainerItemProxy section */
		39A93FCA2292EA670037A9E8 /* PBXContainerItemProxy */ = {
			isa = PBXContainerItemProxy;
			containerPortal = 39A93FAD2292EA660037A9E8 /* Project object */;
			proxyType = 1;
			remoteGlobalIDString = 39A93FB42292EA660037A9E8;
			remoteInfo = AlertForAuthForm;
		};
		39A93FD52292EA670037A9E8 /* PBXContainerItemProxy */ = {
			isa = PBXContainerItemProxy;
			containerPortal = 39A93FAD2292EA660037A9E8 /* Project object */;
			proxyType = 1;
			remoteGlobalIDString = 39A93FB42292EA660037A9E8;
			remoteInfo = AlertForAuthForm;
		};
/* End PBXContainerItemProxy section */

/* Begin PBXFileReference section */
		39A93FB52292EA660037A9E8 /* AlertForAuthForm.app */ = {isa = PBXFileReference; explicitFileType = wrapper.application; includeInIndex = 0; path = AlertForAuthForm.app; sourceTree = BUILT_PRODUCTS_DIR; };
		39A93FB82292EA660037A9E8 /* AppDelegate.swift */ = {isa = PBXFileReference; lastKnownFileType = sourcecode.swift; path = AppDelegate.swift; sourceTree = "<group>"; };
		39A93FBA2292EA660037A9E8 /* ViewController.swift */ = {isa = PBXFileReference; lastKnownFileType = sourcecode.swift; path = ViewController.swift; sourceTree = "<group>"; };
		39A93FBD2292EA660037A9E8 /* Base */ = {isa = PBXFileReference; lastKnownFileType = file.storyboard; name = Base; path = Base.lproj/Main.storyboard; sourceTree = "<group>"; };
		39A93FBF2292EA670037A9E8 /* Assets.xcassets */ = {isa = PBXFileReference; lastKnownFileType = folder.assetcatalog; path = Assets.xcassets; sourceTree = "<group>"; };
		39A93FC22292EA670037A9E8 /* Base */ = {isa = PBXFileReference; lastKnownFileType = file.storyboard; name = Base; path = Base.lproj/LaunchScreen.storyboard; sourceTree = "<group>"; };
		39A93FC42292EA670037A9E8 /* Info.plist */ = {isa = PBXFileReference; lastKnownFileType = text.plist.xml; path = Info.plist; sourceTree = "<group>"; };
		39A93FC92292EA670037A9E8 /* AlertForAuthFormTests.xctest */ = {isa = PBXFileReference; explicitFileType = wrapper.cfbundle; includeInIndex = 0; path = AlertForAuthFormTests.xctest; sourceTree = BUILT_PRODUCTS_DIR; };
		39A93FCD2292EA670037A9E8 /* AlertForAuthFormTests.swift */ = {isa = PBXFileReference; lastKnownFileType = sourcecode.swift; path = AlertForAuthFormTests.swift; sourceTree = "<group>"; };
		39A93FCF2292EA670037A9E8 /* Info.plist */ = {isa = PBXFileReference; lastKnownFileType = text.plist.xml; path = Info.plist; sourceTree = "<group>"; };
		39A93FD42292EA670037A9E8 /* AlertForAuthFormUITests.xctest */ = {isa = PBXFileReference; explicitFileType = wrapper.cfbundle; includeInIndex = 0; path = AlertForAuthFormUITests.xctest; sourceTree = BUILT_PRODUCTS_DIR; };
		39A93FD82292EA670037A9E8 /* AlertForAuthFormUITests.swift */ = {isa = PBXFileReference; lastKnownFileType = sourcecode.swift; path = AlertForAuthFormUITests.swift; sourceTree = "<group>"; };
		39A93FDA2292EA670037A9E8 /* Info.plist */ = {isa = PBXFileReference; lastKnownFileType = text.plist.xml; path = Info.plist; sourceTree = "<group>"; };
/* End PBXFileReference section */

/* Begin PBXFrameworksBuildPhase section */
		39A93FB22292EA660037A9E8 /* Frameworks */ = {
			isa = PBXFrameworksBuildPhase;
			buildActionMask = 2147483647;
			files = (
			);
			runOnlyForDeploymentPostprocessing = 0;
		};
		39A93FC62292EA670037A9E8 /* Frameworks */ = {
			isa = PBXFrameworksBuildPhase;
			buildActionMask = 2147483647;
			files = (
			);
			runOnlyForDeploymentPostprocessing = 0;
		};
		39A93FD12292EA670037A9E8 /* Frameworks */ = {
			isa = PBXFrameworksBuildPhase;
			buildActionMask = 2147483647;
			files = (
			);
			runOnlyForDeploymentPostprocessing = 0;
		};
/* End PBXFrameworksBuildPhase section */

/* Begin PBXGroup section */
		39A93FAC2292EA660037A9E8 = {
			isa = PBXGroup;
			children = (
				39A93FB72292EA660037A9E8 /* AlertForAuthForm */,
				39A93FCC2292EA670037A9E8 /* AlertForAuthFormTests */,
				39A93FD72292EA670037A9E8 /* AlertForAuthFormUITests */,
				39A93FB62292EA660037A9E8 /* Products */,
			);
			sourceTree = "<group>";
		};
		39A93FB62292EA660037A9E8 /* Products */ = {
			isa = PBXGroup;
			children = (
				39A93FB52292EA660037A9E8 /* AlertForAuthForm.app */,
				39A93FC92292EA670037A9E8 /* AlertForAuthFormTests.xctest */,
				39A93FD42292EA670037A9E8 /* AlertForAuthFormUITests.xctest */,
			);
			name = Products;
			sourceTree = "<group>";
		};
		39A93FB72292EA660037A9E8 /* AlertForAuthForm */ = {
			isa = PBXGroup;
			children = (
				39A93FB82292EA660037A9E8 /* AppDelegate.swift */,
				39A93FBA2292EA660037A9E8 /* ViewController.swift */,
				39A93FBC2292EA660037A9E8 /* Main.storyboard */,
				39A93FBF2292EA670037A9E8 /* Assets.xcassets */,
				39A93FC12292EA670037A9E8 /* LaunchScreen.storyboard */,
				39A93FC42292EA670037A9E8 /* Info.plist */,
			);
			path = AlertForAuthForm;
			sourceTree = "<group>";
		};
		39A93FCC2292EA670037A9E8 /* AlertForAuthFormTests */ = {
			isa = PBXGroup;
			children = (
				39A93FCD2292EA670037A9E8 /* AlertForAuthFormTests.swift */,
				39A93FCF2292EA670037A9E8 /* Info.plist */,
			);
			path = AlertForAuthFormTests;
			sourceTree = "<group>";
		};
		39A93FD72292EA670037A9E8 /* AlertForAuthFormUITests */ = {
			isa = PBXGroup;
			children = (
				39A93FD82292EA670037A9E8 /* AlertForAuthFormUITests.swift */,
				39A93FDA2292EA670037A9E8 /* Info.plist */,
			);
			path = AlertForAuthFormUITests;
			sourceTree = "<group>";
		};
/* End PBXGroup section */

/* Begin PBXNativeTarget section */
		39A93FB42292EA660037A9E8 /* AlertForAuthForm */ = {
			isa = PBXNativeTarget;
			buildConfigurationList = 39A93FDD2292EA670037A9E8 /* Build configuration list for PBXNativeTarget "AlertForAuthForm" */;
			buildPhases = (
				39A93FB12292EA660037A9E8 /* Sources */,
				39A93FB22292EA660037A9E8 /* Frameworks */,
				39A93FB32292EA660037A9E8 /* Resources */,
			);
			buildRules = (
			);
			dependencies = (
			);
			name = AlertForAuthForm;
			productName = AlertForAuthForm;
			productReference = 39A93FB52292EA660037A9E8 /* AlertForAuthForm.app */;
			productType = "com.apple.product-type.application";
		};
		39A93FC82292EA670037A9E8 /* AlertForAuthFormTests */ = {
			isa = PBXNativeTarget;
			buildConfigurationList = 39A93FE02292EA670037A9E8 /* Build configuration list for PBXNativeTarget "AlertForAuthFormTests" */;
			buildPhases = (
				39A93FC52292EA670037A9E8 /* Sources */,
				39A93FC62292EA670037A9E8 /* Frameworks */,
				39A93FC72292EA670037A9E8 /* Resources */,
			);
			buildRules = (
			);
			dependencies = (
				39A93FCB2292EA670037A9E8 /* PBXTargetDependency */,
			);
			name = AlertForAuthFormTests;
			productName = AlertForAuthFormTests;
			productReference = 39A93FC92292EA670037A9E8 /* AlertForAuthFormTests.xctest */;
			productType = "com.apple.product-type.bundle.unit-test";
		};
		39A93FD32292EA670037A9E8 /* AlertForAuthFormUITests */ = {
			isa = PBXNativeTarget;
			buildConfigurationList = 39A93FE32292EA670037A9E8 /* Build configuration list for PBXNativeTarget "AlertForAuthFormUITests" */;
			buildPhases = (
				39A93FD02292EA670037A9E8 /* Sources */,
				39A93FD12292EA670037A9E8 /* Frameworks */,
				39A93FD22292EA670037A9E8 /* Resources */,
			);
			buildRules = (
			);
			dependencies = (
				39A93FD62292EA670037A9E8 /* PBXTargetDependency */,
			);
			name = AlertForAuthFormUITests;
			productName = AlertForAuthFormUITests;
			productReference = 39A93FD42292EA670037A9E8 /* AlertForAuthFormUITests.xctest */;
			productType = "com.apple.product-type.bundle.ui-testing";
		};
/* End PBXNativeTarget section */

/* Begin PBXProject section */
		39A93FAD2292EA660037A9E8 /* Project object */ = {
			isa = PBXProject;
			attributes = {
				LastSwiftUpdateCheck = 1010;
				LastUpgradeCheck = 1010;
				ORGANIZATIONNAME = "MAC-DIN-002";
				TargetAttributes = {
					39A93FB42292EA660037A9E8 = {
						CreatedOnToolsVersion = 10.1;
					};
					39A93FC82292EA670037A9E8 = {
						CreatedOnToolsVersion = 10.1;
						TestTargetID = 39A93FB42292EA660037A9E8;
					};
					39A93FD32292EA670037A9E8 = {
						CreatedOnToolsVersion = 10.1;
						TestTargetID = 39A93FB42292EA660037A9E8;
					};
				};
			};
			buildConfigurationList = 39A93FB02292EA660037A9E8 /* Build configuration list for PBXProject "AlertForAuthForm" */;
			compatibilityVersion = "Xcode 9.3";
			developmentRegion = en;
			hasScannedForEncodings = 0;
			knownRegions = (
				en,
				Base,
			);
			mainGroup = 39A93FAC2292EA660037A9E8;
			productRefGroup = 39A93FB62292EA660037A9E8 /* Products */;
			projectDirPath = "";
			projectRoot = "";
			targets = (
				39A93FB42292EA660037A9E8 /* AlertForAuthForm */,
				39A93FC82292EA670037A9E8 /* AlertForAuthFormTests */,
				39A93FD32292EA670037A9E8 /* AlertForAuthFormUITests */,
			);
		};
/* End PBXProject section */

/* Begin PBXResourcesBuildPhase section */
		39A93FB32292EA660037A9E8 /* Resources */ = {
			isa = PBXResourcesBuildPhase;
			buildActionMask = 2147483647;
			files = (
				39A93FC32292EA670037A9E8 /* LaunchScreen.storyboard in Resources */,
				39A93FC02292EA670037A9E8 /* Assets.xcassets in Resources */,
				39A93FBE2292EA660037A9E8 /* Main.storyboard in Resources */,
			);
			runOnlyForDeploymentPostprocessing = 0;
		};
		39A93FC72292EA670037A9E8 /* Resources */ = {
			isa = PBXResourcesBuildPhase;
			buildActionMask = 2147483647;
			files = (
			);
			runOnlyForDeploymentPostprocessing = 0;
		};
		39A93FD22292EA670037A9E8 /* Resources */ = {
			isa = PBXResourcesBuildPhase;
			buildActionMask = 2147483647;
			files = (
			);
			runOnlyForDeploymentPostprocessing = 0;
		};
/* End PBXResourcesBuildPhase section */

/* Begin PBXSourcesBuildPhase section */
		39A93FB12292EA660037A9E8 /* Sources */ = {
			isa = PBXSourcesBuildPhase;
			buildActionMask = 2147483647;
			files = (
				39A93FBB2292EA660037A9E8 /* ViewController.swift in Sources */,
				39A93FB92292EA660037A9E8 /* AppDelegate.swift in Sources */,
			);
			runOnlyForDeploymentPostprocessing = 0;
		};
		39A93FC52292EA670037A9E8 /* Sources */ = {
			isa = PBXSourcesBuildPhase;
			buildActionMask = 2147483647;
			files = (
				39A93FCE2292EA670037A9E8 /* AlertForAuthFormTests.swift in Sources */,
			);
			runOnlyForDeploymentPostprocessing = 0;
		};
		39A93FD02292EA670037A9E8 /* Sources */ = {
			isa = PBXSourcesBuildPhase;
			buildActionMask = 2147483647;
			files = (
				39A93FD92292EA670037A9E8 /* AlertForAuthFormUITests.swift in Sources */,
			);
			runOnlyForDeploymentPostprocessing = 0;
		};
/* End PBXSourcesBuildPhase section */

/* Begin PBXTargetDependency section */
		39A93FCB2292EA670037A9E8 /* PBXTargetDependency */ = {
			isa = PBXTargetDependency;
			target = 39A93FB42292EA660037A9E8 /* AlertForAuthForm */;
			targetProxy = 39A93FCA2292EA670037A9E8 /* PBXContainerItemProxy */;
		};
		39A93FD62292EA670037A9E8 /* PBXTargetDependency */ = {
			isa = PBXTargetDependency;
			target = 39A93FB42292EA660037A9E8 /* AlertForAuthForm */;
			targetProxy = 39A93FD52292EA670037A9E8 /* PBXContainerItemProxy */;
		};
/* End PBXTargetDependency section */

/* Begin PBXVariantGroup section */
		39A93FBC2292EA660037A9E8 /* Main.storyboard */ = {
			isa = PBXVariantGroup;
			children = (
				39A93FBD2292EA660037A9E8 /* Base */,
			);
			name = Main.storyboard;
			sourceTree = "<group>";
		};
		39A93FC12292EA670037A9E8 /* LaunchScreen.storyboard */ = {
			isa = PBXVariantGroup;
			children = (
				39A93FC22292EA670037A9E8 /* Base */,
			);
			name = LaunchScreen.storyboard;
			sourceTree = "<group>";
		};
/* End PBXVariantGroup section */

/* Begin XCBuildConfiguration section */
		39A93FDB2292EA670037A9E8 /* Debug */ = {
			isa = XCBuildConfiguration;
			buildSettings = {
				ALWAYS_SEARCH_USER_PATHS = NO;
				CLANG_ANALYZER_NONNULL = YES;
				CLANG_ANALYZER_NUMBER_OBJECT_CONVERSION = YES_AGGRESSIVE;
				CLANG_CXX_LANGUAGE_STANDARD = "gnu++14";
				CLANG_CXX_LIBRARY = "libc++";
				CLANG_ENABLE_MODULES = YES;
				CLANG_ENABLE_OBJC_ARC = YES;
				CLANG_ENABLE_OBJC_WEAK = YES;
				CLANG_WARN_BLOCK_CAPTURE_AUTORELEASING = YES;
				CLANG_WARN_BOOL_CONVERSION = YES;
				CLANG_WARN_COMMA = YES;
				CLANG_WARN_CONSTANT_CONVERSION = YES;
				CLANG_WARN_DEPRECATED_OBJC_IMPLEMENTATIONS = YES;
				CLANG_WARN_DIRECT_OBJC_ISA_USAGE = YES_ERROR;
				CLANG_WARN_DOCUMENTATION_COMMENTS = YES;
				CLANG_WARN_EMPTY_BODY = YES;
				CLANG_WARN_ENUM_CONVERSION = YES;
				CLANG_WARN_INFINITE_RECURSION = YES;
				CLANG_WARN_INT_CONVERSION = YES;
				CLANG_WARN_NON_LITERAL_NULL_CONVERSION = YES;
				CLANG_WARN_OBJC_IMPLICIT_RETAIN_SELF = YES;
				CLANG_WARN_OBJC_LITERAL_CONVERSION = YES;
				CLANG_WARN_OBJC_ROOT_CLASS = YES_ERROR;
				CLANG_WARN_RANGE_LOOP_ANALYSIS = YES;
				CLANG_WARN_STRICT_PROTOTYPES = YES;
				CLANG_WARN_SUSPICIOUS_MOVE = YES;
				CLANG_WARN_UNGUARDED_AVAILABILITY = YES_AGGRESSIVE;
				CLANG_WARN_UNREACHABLE_CODE = YES;
				CLANG_WARN__DUPLICATE_METHOD_MATCH = YES;
				CODE_SIGN_IDENTITY = "iPhone Developer";
				COPY_PHASE_STRIP = NO;
				DEBUG_INFORMATION_FORMAT = dwarf;
				ENABLE_STRICT_OBJC_MSGSEND = YES;
				ENABLE_TESTABILITY = YES;
				GCC_C_LANGUAGE_STANDARD = gnu11;
				GCC_DYNAMIC_NO_PIC = NO;
				GCC_NO_COMMON_BLOCKS = YES;
				GCC_OPTIMIZATION_LEVEL = 0;
				GCC_PREPROCESSOR_DEFINITIONS = (
					"DEBUG=1",
					"$(inherited)",
				);
				GCC_WARN_64_TO_32_BIT_CONVERSION = YES;
				GCC_WARN_ABOUT_RETURN_TYPE = YES_ERROR;
				GCC_WARN_UNDECLARED_SELECTOR = YES;
				GCC_WARN_UNINITIALIZED_AUTOS = YES_AGGRESSIVE;
				GCC_WARN_UNUSED_FUNCTION = YES;
				GCC_WARN_UNUSED_VARIABLE = YES;
				IPHONEOS_DEPLOYMENT_TARGET = 12.1;
				MTL_ENABLE_DEBUG_INFO = INCLUDE_SOURCE;
				MTL_FAST_MATH = YES;
				ONLY_ACTIVE_ARCH = YES;
				SDKROOT = iphoneos;
				SWIFT_ACTIVE_COMPILATION_CONDITIONS = DEBUG;
				SWIFT_OPTIMIZATION_LEVEL = "-Onone";
			};
			name = Debug;
		};
		39A93FDC2292EA670037A9E8 /* Release */ = {
			isa = XCBuildConfiguration;
			buildSettings = {
				ALWAYS_SEARCH_USER_PATHS = NO;
				CLANG_ANALYZER_NONNULL = YES;
				CLANG_ANALYZER_NUMBER_OBJECT_CONVERSION = YES_AGGRESSIVE;
				CLANG_CXX_LANGUAGE_STANDARD = "gnu++14";
				CLANG_CXX_LIBRARY = "libc++";
				CLANG_ENABLE_MODULES = YES;
				CLANG_ENABLE_OBJC_ARC = YES;
				CLANG_ENABLE_OBJC_WEAK = YES;
				CLANG_WARN_BLOCK_CAPTURE_AUTORELEASING = YES;
				CLANG_WARN_BOOL_CONVERSION = YES;
				CLANG_WARN_COMMA = YES;
				CLANG_WARN_CONSTANT_CONVERSION = YES;
				CLANG_WARN_DEPRECATED_OBJC_IMPLEMENTATIONS = YES;
				CLANG_WARN_DIRECT_OBJC_ISA_USAGE = YES_ERROR;
				CLANG_WARN_DOCUMENTATION_COMMENTS = YES;
				CLANG_WARN_EMPTY_BODY = YES;
				CLANG_WARN_ENUM_CONVERSION = YES;
				CLANG_WARN_INFINITE_RECURSION = YES;
				CLANG_WARN_INT_CONVERSION = YES;
				CLANG_WARN_NON_LITERAL_NULL_CONVERSION = YES;
				CLANG_WARN_OBJC_IMPLICIT_RETAIN_SELF = YES;
				CLANG_WARN_OBJC_LITERAL_CONVERSION = YES;
				CLANG_WARN_OBJC_ROOT_CLASS = YES_ERROR;
				CLANG_WARN_RANGE_LOOP_ANALYSIS = YES;
				CLANG_WARN_STRICT_PROTOTYPES = YES;
				CLANG_WARN_SUSPICIOUS_MOVE = YES;
				CLANG_WARN_UNGUARDED_AVAILABILITY = YES_AGGRESSIVE;
				CLANG_WARN_UNREACHABLE_CODE = YES;
				CLANG_WARN__DUPLICATE_METHOD_MATCH = YES;
				CODE_SIGN_IDENTITY = "iPhone Developer";
				COPY_PHASE_STRIP = NO;
				DEBUG_INFORMATION_FORMAT = "dwarf-with-dsym";
				ENABLE_NS_ASSERTIONS = NO;
				ENABLE_STRICT_OBJC_MSGSEND = YES;
				GCC_C_LANGUAGE_STANDARD = gnu11;
				GCC_NO_COMMON_BLOCKS = YES;
				GCC_WARN_64_TO_32_BIT_CONVERSION = YES;
				GCC_WARN_ABOUT_RETURN_TYPE = YES_ERROR;
				GCC_WARN_UNDECLARED_SELECTOR = YES;
				GCC_WARN_UNINITIALIZED_AUTOS = YES_AGGRESSIVE;
				GCC_WARN_UNUSED_FUNCTION = YES;
				GCC_WARN_UNUSED_VARIABLE = YES;
				IPHONEOS_DEPLOYMENT_TARGET = 12.1;
				MTL_ENABLE_DEBUG_INFO = NO;
				MTL_FAST_MATH = YES;
				SDKROOT = iphoneos;
				SWIFT_COMPILATION_MODE = wholemodule;
				SWIFT_OPTIMIZATION_LEVEL = "-O";
				VALIDATE_PRODUCT = YES;
			};
			name = Release;
		};
		39A93FDE2292EA670037A9E8 /* Debug */ = {
			isa = XCBuildConfiguration;
			buildSettings = {
				ASSETCATALOG_COMPILER_APPICON_NAME = AppIcon;
				CODE_SIGN_STYLE = Automatic;
				DEVELOPMENT_TEAM = 26ZA897QGK;
				INFOPLIST_FILE = AlertForAuthForm/Info.plist;
				LD_RUNPATH_SEARCH_PATHS = (
					"$(inherited)",
					"@executable_path/Frameworks",
				);
				PRODUCT_BUNDLE_IDENTIFIER = fr.sesamevitale.cordonp.firstApp.AlertForAuthForm;
				PRODUCT_NAME = "$(TARGET_NAME)";
				SWIFT_VERSION = 4.2;
				TARGETED_DEVICE_FAMILY = "1,2";
			};
			name = Debug;
		};
		39A93FDF2292EA670037A9E8 /* Release */ = {
			isa = XCBuildConfiguration;
			buildSettings = {
				ASSETCATALOG_COMPILER_APPICON_NAME = AppIcon;
				CODE_SIGN_STYLE = Automatic;
				DEVELOPMENT_TEAM = 26ZA897QGK;
				INFOPLIST_FILE = AlertForAuthForm/Info.plist;
				LD_RUNPATH_SEARCH_PATHS = (
					"$(inherited)",
					"@executable_path/Frameworks",
				);
				PRODUCT_BUNDLE_IDENTIFIER = fr.sesamevitale.cordonp.firstApp.AlertForAuthForm;
				PRODUCT_NAME = "$(TARGET_NAME)";
				SWIFT_VERSION = 4.2;
				TARGETED_DEVICE_FAMILY = "1,2";
			};
			name = Release;
		};
		39A93FE12292EA670037A9E8 /* Debug */ = {
			isa = XCBuildConfiguration;
			buildSettings = {
				ALWAYS_EMBED_SWIFT_STANDARD_LIBRARIES = YES;
				BUNDLE_LOADER = "$(TEST_HOST)";
				CODE_SIGN_STYLE = Automatic;
				DEVELOPMENT_TEAM = 26ZA897QGK;
				INFOPLIST_FILE = AlertForAuthFormTests/Info.plist;
				LD_RUNPATH_SEARCH_PATHS = (
					"$(inherited)",
					"@executable_path/Frameworks",
					"@loader_path/Frameworks",
				);
				PRODUCT_BUNDLE_IDENTIFIER = fr.sesamevitale.cordonp.firstApp.AlertForAuthFormTests;
				PRODUCT_NAME = "$(TARGET_NAME)";
				SWIFT_VERSION = 4.2;
				TARGETED_DEVICE_FAMILY = "1,2";
				TEST_HOST = "$(BUILT_PRODUCTS_DIR)/AlertForAuthForm.app/AlertForAuthForm";
			};
			name = Debug;
		};
		39A93FE22292EA670037A9E8 /* Release */ = {
			isa = XCBuildConfiguration;
			buildSettings = {
				ALWAYS_EMBED_SWIFT_STANDARD_LIBRARIES = YES;
				BUNDLE_LOADER = "$(TEST_HOST)";
				CODE_SIGN_STYLE = Automatic;
				DEVELOPMENT_TEAM = 26ZA897QGK;
				INFOPLIST_FILE = AlertForAuthFormTests/Info.plist;
				LD_RUNPATH_SEARCH_PATHS = (
					"$(inherited)",
					"@executable_path/Frameworks",
					"@loader_path/Frameworks",
				);
				PRODUCT_BUNDLE_IDENTIFIER = fr.sesamevitale.cordonp.firstApp.AlertForAuthFormTests;
				PRODUCT_NAME = "$(TARGET_NAME)";
				SWIFT_VERSION = 4.2;
				TARGETED_DEVICE_FAMILY = "1,2";
				TEST_HOST = "$(BUILT_PRODUCTS_DIR)/AlertForAuthForm.app/AlertForAuthForm";
			};
			name = Release;
		};
		39A93FE42292EA670037A9E8 /* Debug */ = {
			isa = XCBuildConfiguration;
			buildSettings = {
				ALWAYS_EMBED_SWIFT_STANDARD_LIBRARIES = YES;
				CODE_SIGN_STYLE = Automatic;
				DEVELOPMENT_TEAM = 26ZA897QGK;
				INFOPLIST_FILE = AlertForAuthFormUITests/Info.plist;
				LD_RUNPATH_SEARCH_PATHS = (
					"$(inherited)",
					"@executable_path/Frameworks",
					"@loader_path/Frameworks",
				);
				PRODUCT_BUNDLE_IDENTIFIER = fr.sesamevitale.cordonp.firstApp.AlertForAuthFormUITests;
				PRODUCT_NAME = "$(TARGET_NAME)";
				SWIFT_VERSION = 4.2;
				TARGETED_DEVICE_FAMILY = "1,2";
				TEST_TARGET_NAME = AlertForAuthForm;
			};
			name = Debug;
		};
		39A93FE52292EA670037A9E8 /* Release */ = {
			isa = XCBuildConfiguration;
			buildSettings = {
				ALWAYS_EMBED_SWIFT_STANDARD_LIBRARIES = YES;
				CODE_SIGN_STYLE = Automatic;
				DEVELOPMENT_TEAM = 26ZA897QGK;
				INFOPLIST_FILE = AlertForAuthFormUITests/Info.plist;
				LD_RUNPATH_SEARCH_PATHS = (
					"$(inherited)",
					"@executable_path/Frameworks",
					"@loader_path/Frameworks",
				);
				PRODUCT_BUNDLE_IDENTIFIER = fr.sesamevitale.cordonp.firstApp.AlertForAuthFormUITests;
				PRODUCT_NAME = "$(TARGET_NAME)";
				SWIFT_VERSION = 4.2;
				TARGETED_DEVICE_FAMILY = "1,2";
				TEST_TARGET_NAME = AlertForAuthForm;
			};
			name = Release;
		};
/* End XCBuildConfiguration section */

/* Begin XCConfigurationList section */
		39A93FB02292EA660037A9E8 /* Build configuration list for PBXProject "AlertForAuthForm" */ = {
			isa = XCConfigurationList;
			buildConfigurations = (
				39A93FDB2292EA670037A9E8 /* Debug */,
				39A93FDC2292EA670037A9E8 /* Release */,
			);
			defaultConfigurationIsVisible = 0;
			defaultConfigurationName = Release;
		};
		39A93FDD2292EA670037A9E8 /* Build configuration list for PBXNativeTarget "AlertForAuthForm" */ = {
			isa = XCConfigurationList;
			buildConfigurations = (
				39A93FDE2292EA670037A9E8 /* Debug */,
				39A93FDF2292EA670037A9E8 /* Release */,
			);
			defaultConfigurationIsVisible = 0;
			defaultConfigurationName = Release;
		};
		39A93FE02292EA670037A9E8 /* Build configuration list for PBXNativeTarget "AlertForAuthFormTests" */ = {
			isa = XCConfigurationList;
			buildConfigurations = (
				39A93FE12292EA670037A9E8 /* Debug */,
				39A93FE22292EA670037A9E8 /* Release */,
			);
			defaultConfigurationIsVisible = 0;
			defaultConfigurationName = Release;
		};
		39A93FE32292EA670037A9E8 /* Build configuration list for PBXNativeTarget "AlertForAuthFormUITests" */ = {
			isa = XCConfigurationList;
			buildConfigurations = (
				39A93FE42292EA670037A9E8 /* Debug */,
				39A93FE52292EA670037A9E8 /* Release */,
			);
			defaultConfigurationIsVisible = 0;
			defaultConfigurationName = Release;
		};
/* End XCConfigurationList section */
	};
	rootObject = 39A93FAD2292EA660037A9E8 /* Project object */;
}
